
Microsoft Visual Studio Solution File, Format Version 12.00
# Visual Studio Version 16
VisualStudioVersion = 16.0.31205.134
MinimumVisualStudioVersion = 10.0.40219.1
Project("{FAE04EC0-301F-11D3-BF4B-00C04F79EFBC}") = "Library.PresentationLayer", "Library\Library.PresentationLayer.csproj", "{9FD66F46-7B3C-4DA3-B9E7-86F1157941D4}"
EndProject
Project("{FAE04EC0-301F-11D3-BF4B-00C04F79EFBC}") = "Library.DataAccessLayer", "Library.DataAccessLayer\Library.DataAccessLayer.csproj", "{A881E171-63B5-44A5-AB7B-9CD95E478631}"
EndProject
Project("{FAE04EC0-301F-11D3-BF4B-00C04F79EFBC}") = "Library.BusinessLogicLayer", "Library.BusinessLogicLayer\Library.BusinessLogicLayer.csproj", "{2C81F36D-893A-46BC-A937-2E264B97B3D6}"
EndProject
Global
	GlobalSection(SolutionConfigurationPlatforms) = preSolution
		Debug|Any CPU = Debug|Any CPU
		Release|Any CPU = Release|Any CPU
	EndGlobalSection
	GlobalSection(ProjectConfigurationPlatforms) = postSolution
		{9FD66F46-7B3C-4DA3-B9E7-86F1157941D4}.Debug|Any CPU.ActiveCfg = Debug|Any CPU
		{9FD66F46-7B3C-4DA3-B9E7-86F1157941D4}.Debug|Any CPU.Build.0 = Debug|Any CPU
		{9FD66F46-7B3C-4DA3-B9E7-86F1157941D4}.Release|Any CPU.ActiveCfg = Release|Any CPU
		{9FD66F46-7B3C-4DA3-B9E7-86F1157941D4}.Release|Any CPU.Build.0 = Release|Any CPU
		{A881E171-63B5-44A5-AB7B-9CD95E478631}.Debug|Any CPU.ActiveCfg = Debug|Any CPU
		{A881E171-63B5-44A5-AB7B-9CD95E478631}.Debug|Any CPU.Build.0 = Debug|Any CPU
		{A881E171-63B5-44A5-AB7B-9CD95E478631}.Release|Any CPU.ActiveCfg = Release|Any CPU
		{A881E171-63B5-44A5-AB7B-9CD95E478631}.Release|Any CPU.Build.0 = Release|Any CPU
		{2C81F36D-893A-46BC-A937-2E264B97B3D6}.Debug|Any CPU.ActiveCfg = Debug|Any CPU
		{2C81F36D-893A-46BC-A937-2E264B97B3D6}.Debug|Any CPU.Build.0 = Debug|Any CPU
		{2C81F36D-893A-46BC-A937-2E264B97B3D6}.Release|Any CPU.ActiveCfg = Release|Any CPU
		{2C81F36D-893A-46BC-A937-2E264B97B3D6}.Release|Any CPU.Build.0 = Release|Any CPU
	EndGlobalSection
	GlobalSection(SolutionProperties) = preSolution
		HideSolutionNode = FALSE
	EndGlobalSection
	GlobalSection(ExtensibilityGlobals) = postSolution
		SolutionGuid = {FF38848A-294A-4CC4-82C3-818176BC53C8}
	EndGlobalSection
EndGlobal
